
Microsoft Visual Studio Solution File, Format Version 12.00
# Visual Studio Version 17
VisualStudioVersion = 17.9.34723.18
MinimumVisualStudioVersion = 10.0.40219.1
Project("{FAE04EC0-301F-11D3-BF4B-00C04F79EFBC}") = "Api", "API\Api.csproj", "{828CCC71-266B-48E0-B440-986F0763C0D7}"
EndProject
Project("{FAE04EC0-301F-11D3-BF4B-00C04F79EFBC}") = "Application", "Application\Application.csproj", "{4CD87608-070B-477A-8F16-6135FCE6E3E3}"
EndProject
Project("{FAE04EC0-301F-11D3-BF4B-00C04F79EFBC}") = "Data", "Data\Data.csproj", "{2D6AB7D1-9265-4109-A242-3E12AA9EC47F}"
EndProject
Project("{FAE04EC0-301F-11D3-BF4B-00C04F79EFBC}") = "Domain", "Domain\Domain.csproj", "{30656085-8CDA-4333-8938-977AD792D1B3}"
EndProject
Global
	GlobalSection(SolutionConfigurationPlatforms) = preSolution
		Debug|Any CPU = Debug|Any CPU
		Release|Any CPU = Release|Any CPU
	EndGlobalSection
	GlobalSection(ProjectConfigurationPlatforms) = postSolution
		{828CCC71-266B-48E0-B440-986F0763C0D7}.Debug|Any CPU.ActiveCfg = Debug|Any CPU
		{828CCC71-266B-48E0-B440-986F0763C0D7}.Debug|Any CPU.Build.0 = Debug|Any CPU
		{828CCC71-266B-48E0-B440-986F0763C0D7}.Release|Any CPU.ActiveCfg = Release|Any CPU
		{828CCC71-266B-48E0-B440-986F0763C0D7}.Release|Any CPU.Build.0 = Release|Any CPU
		{4CD87608-070B-477A-8F16-6135FCE6E3E3}.Debug|Any CPU.ActiveCfg = Debug|Any CPU
		{4CD87608-070B-477A-8F16-6135FCE6E3E3}.Debug|Any CPU.Build.0 = Debug|Any CPU
		{4CD87608-070B-477A-8F16-6135FCE6E3E3}.Release|Any CPU.ActiveCfg = Release|Any CPU
		{4CD87608-070B-477A-8F16-6135FCE6E3E3}.Release|Any CPU.Build.0 = Release|Any CPU
		{2D6AB7D1-9265-4109-A242-3E12AA9EC47F}.Debug|Any CPU.ActiveCfg = Debug|Any CPU
		{2D6AB7D1-9265-4109-A242-3E12AA9EC47F}.Debug|Any CPU.Build.0 = Debug|Any CPU
		{2D6AB7D1-9265-4109-A242-3E12AA9EC47F}.Release|Any CPU.ActiveCfg = Release|Any CPU
		{2D6AB7D1-9265-4109-A242-3E12AA9EC47F}.Release|Any CPU.Build.0 = Release|Any CPU
		{30656085-8CDA-4333-8938-977AD792D1B3}.Debug|Any CPU.ActiveCfg = Debug|Any CPU
		{30656085-8CDA-4333-8938-977AD792D1B3}.Debug|Any CPU.Build.0 = Debug|Any CPU
		{30656085-8CDA-4333-8938-977AD792D1B3}.Release|Any CPU.ActiveCfg = Release|Any CPU
		{30656085-8CDA-4333-8938-977AD792D1B3}.Release|Any CPU.Build.0 = Release|Any CPU
	EndGlobalSection
	GlobalSection(SolutionProperties) = preSolution
		HideSolutionNode = FALSE
	EndGlobalSection
	GlobalSection(ExtensibilityGlobals) = postSolution
		SolutionGuid = {C34F857F-4BC7-4F5E-A74E-0B78F459E779}
	EndGlobalSection
EndGlobal
